
Microsoft Visual Studio Solution File, Format Version 12.00
# Visual Studio Version 17
VisualStudioVersion = 17.3.32901.215
MinimumVisualStudioVersion = 10.0.40219.1
Project("{FAE04EC0-301F-11D3-BF4B-00C04F79EFBC}") = "WorkingWithEFCore", "WorkingWithEFCore\WorkingWithEFCore.csproj", "{A5609208-0263-442F-8750-A9778679B087}"
EndProject
Global
	GlobalSection(SolutionConfigurationPlatforms) = preSolution
		Debug|Any CPU = Debug|Any CPU
		Release|Any CPU = Release|Any CPU
	EndGlobalSection
	GlobalSection(ProjectConfigurationPlatforms) = postSolution
		{A5609208-0263-442F-8750-A9778679B087}.Debug|Any CPU.ActiveCfg = Debug|Any CPU
		{A5609208-0263-442F-8750-A9778679B087}.Debug|Any CPU.Build.0 = Debug|Any CPU
		{A5609208-0263-442F-8750-A9778679B087}.Release|Any CPU.ActiveCfg = Release|Any CPU
		{A5609208-0263-442F-8750-A9778679B087}.Release|Any CPU.Build.0 = Release|Any CPU
	EndGlobalSection
	GlobalSection(SolutionProperties) = preSolution
		HideSolutionNode = FALSE
	EndGlobalSection
	GlobalSection(ExtensibilityGlobals) = postSolution
		SolutionGuid = {D800B6AD-3DD5-45DF-8018-C729DEBE007C}
	EndGlobalSection
EndGlobal
