
Microsoft Visual Studio Solution File, Format Version 12.00
# Visual Studio Version 17
VisualStudioVersion = 17.2.32616.157
MinimumVisualStudioVersion = 10.0.40219.1
Project("{9A19103F-16F7-4668-BE54-9A1E7A4F7556}") = "HelloCs", "HelloCs.csproj", "{305BAE18-8B39-4CCB-AAD1-3D0915ED6472}"
EndProject
Project("{FAE04EC0-301F-11D3-BF4B-00C04F79EFBC}") = "TopLevelProgram2", "..\TopLevelProgram2\TopLevelProgram2.csproj", "{5A63BCBA-A7AF-451D-9415-E0DCCBDA1CE9}"
EndProject
Global
	GlobalSection(SolutionConfigurationPlatforms) = preSolution
		Debug|Any CPU = Debug|Any CPU
		Release|Any CPU = Release|Any CPU
	EndGlobalSection
	GlobalSection(ProjectConfigurationPlatforms) = postSolution
		{305BAE18-8B39-4CCB-AAD1-3D0915ED6472}.Debug|Any CPU.ActiveCfg = Debug|Any CPU
		{305BAE18-8B39-4CCB-AAD1-3D0915ED6472}.Debug|Any CPU.Build.0 = Debug|Any CPU
		{305BAE18-8B39-4CCB-AAD1-3D0915ED6472}.Release|Any CPU.ActiveCfg = Release|Any CPU
		{305BAE18-8B39-4CCB-AAD1-3D0915ED6472}.Release|Any CPU.Build.0 = Release|Any CPU
		{5A63BCBA-A7AF-451D-9415-E0DCCBDA1CE9}.Debug|Any CPU.ActiveCfg = Debug|Any CPU
		{5A63BCBA-A7AF-451D-9415-E0DCCBDA1CE9}.Debug|Any CPU.Build.0 = Debug|Any CPU
		{5A63BCBA-A7AF-451D-9415-E0DCCBDA1CE9}.Release|Any CPU.ActiveCfg = Release|Any CPU
		{5A63BCBA-A7AF-451D-9415-E0DCCBDA1CE9}.Release|Any CPU.Build.0 = Release|Any CPU
	EndGlobalSection
	GlobalSection(SolutionProperties) = preSolution
		HideSolutionNode = FALSE
	EndGlobalSection
	GlobalSection(ExtensibilityGlobals) = postSolution
		SolutionGuid = {6B481EDD-746B-4279-A0DB-BA45EE1E1223}
	EndGlobalSection
EndGlobal
