
Microsoft Visual Studio Solution File, Format Version 12.00
# Visual Studio Version 17
VisualStudioVersion = 17.2.32616.157
MinimumVisualStudioVersion = 10.0.40219.1
Project("{FAE04EC0-301F-11D3-BF4B-00C04F79EFBC}") = "Formating", "Formating.csproj", "{CAE9905A-1852-47EB-AAA7-8322DC1F8EDE}"
EndProject
Global
	GlobalSection(SolutionConfigurationPlatforms) = preSolution
		Debug|Any CPU = Debug|Any CPU
		Release|Any CPU = Release|Any CPU
	EndGlobalSection
	GlobalSection(ProjectConfigurationPlatforms) = postSolution
		{CAE9905A-1852-47EB-AAA7-8322DC1F8EDE}.Debug|Any CPU.ActiveCfg = Debug|Any CPU
		{CAE9905A-1852-47EB-AAA7-8322DC1F8EDE}.Debug|Any CPU.Build.0 = Debug|Any CPU
		{CAE9905A-1852-47EB-AAA7-8322DC1F8EDE}.Release|Any CPU.ActiveCfg = Release|Any CPU
		{CAE9905A-1852-47EB-AAA7-8322DC1F8EDE}.Release|Any CPU.Build.0 = Release|Any CPU
	EndGlobalSection
	GlobalSection(SolutionProperties) = preSolution
		HideSolutionNode = FALSE
	EndGlobalSection
	GlobalSection(ExtensibilityGlobals) = postSolution
		SolutionGuid = {B12847D8-87A7-4F83-86BB-074D7112266A}
	EndGlobalSection
EndGlobal
